
Microsoft Visual Studio Solution File, Format Version 12.00
# Visual Studio 15
Project("{FAE04EC0-301F-11D3-BF4B-00C04F79EFBC}") = "Assembly-CSharp-Editor", "Assembly-CSharp-Editor.csproj", "{A0397AF8-E532-0CF9-1035-E680C6FE9757}"
EndProject
Project("{FAE04EC0-301F-11D3-BF4B-00C04F79EFBC}") = "Assembly-CSharp", "Assembly-CSharp.csproj", "{7EF9C8D0-0A0B-84AB-DAE2-C19A6B495E6C}"
EndProject
Global
	GlobalSection(SolutionConfigurationPlatforms) = preSolution
		Debug|Any CPU = Debug|Any CPU
		Release|Any CPU = Release|Any CPU
	EndGlobalSection
	GlobalSection(ProjectConfigurationPlatforms) = postSolution
		{A0397AF8-E532-0CF9-1035-E680C6FE9757}.Debug|Any CPU.ActiveCfg = Debug|Any CPU
		{A0397AF8-E532-0CF9-1035-E680C6FE9757}.Debug|Any CPU.Build.0 = Debug|Any CPU
		{A0397AF8-E532-0CF9-1035-E680C6FE9757}.Release|Any CPU.ActiveCfg = Release|Any CPU
		{A0397AF8-E532-0CF9-1035-E680C6FE9757}.Release|Any CPU.Build.0 = Release|Any CPU
		{7EF9C8D0-0A0B-84AB-DAE2-C19A6B495E6C}.Debug|Any CPU.ActiveCfg = Debug|Any CPU
		{7EF9C8D0-0A0B-84AB-DAE2-C19A6B495E6C}.Debug|Any CPU.Build.0 = Debug|Any CPU
		{7EF9C8D0-0A0B-84AB-DAE2-C19A6B495E6C}.Release|Any CPU.ActiveCfg = Release|Any CPU
		{7EF9C8D0-0A0B-84AB-DAE2-C19A6B495E6C}.Release|Any CPU.Build.0 = Release|Any CPU
	EndGlobalSection
	GlobalSection(SolutionProperties) = preSolution
		HideSolutionNode = FALSE
	EndGlobalSection
EndGlobal
